
Microsoft Visual Studio Solution File, Format Version 12.00
# Visual Studio Version 17
VisualStudioVersion = 17.9.34728.123
MinimumVisualStudioVersion = 10.0.40219.1
Project("{FAE04EC0-301F-11D3-BF4B-00C04F79EFBC}") = "CheckAddressApp", "CheckAddressApp\CheckAddressApp.csproj", "{CEDE825F-2C70-4E24-9C59-21456B13D070}"
EndProject
Global
	GlobalSection(SolutionConfigurationPlatforms) = preSolution
		Debug|Any CPU = Debug|Any CPU
		Release|Any CPU = Release|Any CPU
	EndGlobalSection
	GlobalSection(ProjectConfigurationPlatforms) = postSolution
		{CEDE825F-2C70-4E24-9C59-21456B13D070}.Debug|Any CPU.ActiveCfg = Debug|Any CPU
		{CEDE825F-2C70-4E24-9C59-21456B13D070}.Debug|Any CPU.Build.0 = Debug|Any CPU
		{CEDE825F-2C70-4E24-9C59-21456B13D070}.Release|Any CPU.ActiveCfg = Release|Any CPU
		{CEDE825F-2C70-4E24-9C59-21456B13D070}.Release|Any CPU.Build.0 = Release|Any CPU
	EndGlobalSection
	GlobalSection(SolutionProperties) = preSolution
		HideSolutionNode = FALSE
	EndGlobalSection
	GlobalSection(ExtensibilityGlobals) = postSolution
		SolutionGuid = {A8FF3E55-12BF-4225-8EDD-E5430BB42668}
	EndGlobalSection
EndGlobal
